
Microsoft Visual Studio Solution File, Format Version 12.00
# Visual Studio Version 17
VisualStudioVersion = 17.5.33424.131
MinimumVisualStudioVersion = 10.0.40219.1
Project("{9A19103F-16F7-4668-BE54-9A1E7A4F7556}") = "CurrentAccount.API", "CurrentAccount\CurrentAccount.API\CurrentAccount.API.csproj", "{81014696-B45B-4AE6-8E01-23AD4CCAD243}"
EndProject
Project("{9A19103F-16F7-4668-BE54-9A1E7A4F7556}") = "CurrentAccount.Application", "CurrentAccount\CurrentAccount.Application\CurrentAccount.Application.csproj", "{DEC43909-5D56-4760-ACC9-223E31DAD735}"
EndProject
Project("{9A19103F-16F7-4668-BE54-9A1E7A4F7556}") = "CurrentAccount.Core", "CurrentAccount\CurrentAccount.Core\CurrentAccount.Core.csproj", "{BB8BC559-DCC6-4856-B059-DBC0992424CA}"
EndProject
Project("{9A19103F-16F7-4668-BE54-9A1E7A4F7556}") = "CurrentAccount.UnitTests", "CurrentAccount\CurrentAccount.UnitTests\CurrentAccount.UnitTests.csproj", "{D74AF76D-673D-4D54-A483-F685BE356849}"
EndProject
Project("{9A19103F-16F7-4668-BE54-9A1E7A4F7556}") = "CurrentAccount.Infrastructure", "CurrentAccount\CurrentAccount.Infrastructure\CurrentAccount.Infrastructure.csproj", "{B7E8D8AC-48B7-4542-8D81-44D77E1EE047}"
EndProject
Project("{E53339B2-1760-4266-BCC7-CA923CBCF16C}") = "docker-compose", "docker-compose.dcproj", "{CB06B56C-8B01-4E5C-97A9-923A0611AB11}"
EndProject
Project("{2150E333-8FDC-42A3-9474-1A3956D46DE8}") = "CurrentAccount", "CurrentAccount", "{563D9BDF-2584-40B0-9283-0C9ED7772F52}"
EndProject
Project("{2150E333-8FDC-42A3-9474-1A3956D46DE8}") = "Transaction", "Transaction", "{708C88CF-2BF7-4C20-A429-E6412A1BD939}"
EndProject
Project("{9A19103F-16F7-4668-BE54-9A1E7A4F7556}") = "CurrentAccount.Transaction.API", "Transaction\CurrentAccount.Transaction.API\CurrentAccount.Transaction.API.csproj", "{10DD2467-0BD3-43A6-9649-7EEBBD6D0D84}"
EndProject
Project("{9A19103F-16F7-4668-BE54-9A1E7A4F7556}") = "CurrentAccount.Transaction.Core", "Transaction\CurrentAccount.Transaction.Core\CurrentAccount.Transaction.Core.csproj", "{3FC51164-FC69-4805-9F70-06AC034B2DED}"
EndProject
Project("{9A19103F-16F7-4668-BE54-9A1E7A4F7556}") = "CurrentAccount.Transaction.Application", "Transaction\CurrentAccount.Transaction.Application\CurrentAccount.Transaction.Application.csproj", "{3555F18A-B869-4EB2-9300-12E810A7255C}"
EndProject
Project("{9A19103F-16F7-4668-BE54-9A1E7A4F7556}") = "CurrentAccount.Transaction.Infrastructure", "Transaction\CurrentAccount.Transaction.Infrastructure\CurrentAccount.Transaction.Infrastructure.csproj", "{4F072818-2FAE-4D28-80A0-DD0D38C8BEAB}"
EndProject
Project("{9A19103F-16F7-4668-BE54-9A1E7A4F7556}") = "CurrentAccount.Transaction.UnitTests", "Transaction\CurrentAccount.Transaction.UnitTests\CurrentAccount.Transaction.UnitTests.csproj", "{6FC6EF2E-B16C-42E5-8F3D-8C07F73ADDF5}"
EndProject
Project("{2150E333-8FDC-42A3-9474-1A3956D46DE8}") = "Shared", "Shared", "{1576E8B0-EB58-4CB2-B863-42A7DD12AFB5}"
EndProject
Project("{9A19103F-16F7-4668-BE54-9A1E7A4F7556}") = "CurrentAccount.Core.Shared", "Shared\CurrentAccount.Core.Shared\CurrentAccount.Core.Shared.csproj", "{B848C4A7-1574-4112-8B39-14C718D67432}"
EndProject
Project("{2150E333-8FDC-42A3-9474-1A3956D46DE8}") = "EventBus", "EventBus", "{9D3EC27E-577F-47CF-8251-3A29DF387677}"
EndProject
Project("{9A19103F-16F7-4668-BE54-9A1E7A4F7556}") = "EventBus.Messages", "EventBus\EventBus.Messages\EventBus.Messages.csproj", "{EC2F2D6E-407A-4B93-B7D1-5D99CA8AB82F}"
EndProject
Project("{FAE04EC0-301F-11D3-BF4B-00C04F79EFBC}") = "CurrentAccount.Transaction.Grpc", "Transaction\CurrentAccount.Transaction.Grpc\CurrentAccount.Transaction.Grpc.csproj", "{0BAD0B63-3E0B-411F-993F-1C88EF9637B3}"
EndProject
Global
	GlobalSection(SolutionConfigurationPlatforms) = preSolution
		Debug|Any CPU = Debug|Any CPU
		Release|Any CPU = Release|Any CPU
	EndGlobalSection
	GlobalSection(ProjectConfigurationPlatforms) = postSolution
		{81014696-B45B-4AE6-8E01-23AD4CCAD243}.Debug|Any CPU.ActiveCfg = Debug|Any CPU
		{81014696-B45B-4AE6-8E01-23AD4CCAD243}.Debug|Any CPU.Build.0 = Debug|Any CPU
		{81014696-B45B-4AE6-8E01-23AD4CCAD243}.Release|Any CPU.ActiveCfg = Release|Any CPU
		{81014696-B45B-4AE6-8E01-23AD4CCAD243}.Release|Any CPU.Build.0 = Release|Any CPU
		{DEC43909-5D56-4760-ACC9-223E31DAD735}.Debug|Any CPU.ActiveCfg = Debug|Any CPU
		{DEC43909-5D56-4760-ACC9-223E31DAD735}.Debug|Any CPU.Build.0 = Debug|Any CPU
		{DEC43909-5D56-4760-ACC9-223E31DAD735}.Release|Any CPU.ActiveCfg = Release|Any CPU
		{DEC43909-5D56-4760-ACC9-223E31DAD735}.Release|Any CPU.Build.0 = Release|Any CPU
		{BB8BC559-DCC6-4856-B059-DBC0992424CA}.Debug|Any CPU.ActiveCfg = Debug|Any CPU
		{BB8BC559-DCC6-4856-B059-DBC0992424CA}.Debug|Any CPU.Build.0 = Debug|Any CPU
		{BB8BC559-DCC6-4856-B059-DBC0992424CA}.Release|Any CPU.ActiveCfg = Release|Any CPU
		{BB8BC559-DCC6-4856-B059-DBC0992424CA}.Release|Any CPU.Build.0 = Release|Any CPU
		{D74AF76D-673D-4D54-A483-F685BE356849}.Debug|Any CPU.ActiveCfg = Debug|Any CPU
		{D74AF76D-673D-4D54-A483-F685BE356849}.Debug|Any CPU.Build.0 = Debug|Any CPU
		{D74AF76D-673D-4D54-A483-F685BE356849}.Release|Any CPU.ActiveCfg = Release|Any CPU
		{D74AF76D-673D-4D54-A483-F685BE356849}.Release|Any CPU.Build.0 = Release|Any CPU
		{B7E8D8AC-48B7-4542-8D81-44D77E1EE047}.Debug|Any CPU.ActiveCfg = Debug|Any CPU
		{B7E8D8AC-48B7-4542-8D81-44D77E1EE047}.Debug|Any CPU.Build.0 = Debug|Any CPU
		{B7E8D8AC-48B7-4542-8D81-44D77E1EE047}.Release|Any CPU.ActiveCfg = Release|Any CPU
		{B7E8D8AC-48B7-4542-8D81-44D77E1EE047}.Release|Any CPU.Build.0 = Release|Any CPU
		{CB06B56C-8B01-4E5C-97A9-923A0611AB11}.Debug|Any CPU.ActiveCfg = Debug|Any CPU
		{CB06B56C-8B01-4E5C-97A9-923A0611AB11}.Debug|Any CPU.Build.0 = Debug|Any CPU
		{CB06B56C-8B01-4E5C-97A9-923A0611AB11}.Release|Any CPU.ActiveCfg = Release|Any CPU
		{CB06B56C-8B01-4E5C-97A9-923A0611AB11}.Release|Any CPU.Build.0 = Release|Any CPU
		{10DD2467-0BD3-43A6-9649-7EEBBD6D0D84}.Debug|Any CPU.ActiveCfg = Debug|Any CPU
		{10DD2467-0BD3-43A6-9649-7EEBBD6D0D84}.Debug|Any CPU.Build.0 = Debug|Any CPU
		{10DD2467-0BD3-43A6-9649-7EEBBD6D0D84}.Release|Any CPU.ActiveCfg = Release|Any CPU
		{10DD2467-0BD3-43A6-9649-7EEBBD6D0D84}.Release|Any CPU.Build.0 = Release|Any CPU
		{3FC51164-FC69-4805-9F70-06AC034B2DED}.Debug|Any CPU.ActiveCfg = Debug|Any CPU
		{3FC51164-FC69-4805-9F70-06AC034B2DED}.Debug|Any CPU.Build.0 = Debug|Any CPU
		{3FC51164-FC69-4805-9F70-06AC034B2DED}.Release|Any CPU.ActiveCfg = Release|Any CPU
		{3FC51164-FC69-4805-9F70-06AC034B2DED}.Release|Any CPU.Build.0 = Release|Any CPU
		{3555F18A-B869-4EB2-9300-12E810A7255C}.Debug|Any CPU.ActiveCfg = Debug|Any CPU
		{3555F18A-B869-4EB2-9300-12E810A7255C}.Debug|Any CPU.Build.0 = Debug|Any CPU
		{3555F18A-B869-4EB2-9300-12E810A7255C}.Release|Any CPU.ActiveCfg = Release|Any CPU
		{3555F18A-B869-4EB2-9300-12E810A7255C}.Release|Any CPU.Build.0 = Release|Any CPU
		{4F072818-2FAE-4D28-80A0-DD0D38C8BEAB}.Debug|Any CPU.ActiveCfg = Debug|Any CPU
		{4F072818-2FAE-4D28-80A0-DD0D38C8BEAB}.Debug|Any CPU.Build.0 = Debug|Any CPU
		{4F072818-2FAE-4D28-80A0-DD0D38C8BEAB}.Release|Any CPU.ActiveCfg = Release|Any CPU
		{4F072818-2FAE-4D28-80A0-DD0D38C8BEAB}.Release|Any CPU.Build.0 = Release|Any CPU
		{6FC6EF2E-B16C-42E5-8F3D-8C07F73ADDF5}.Debug|Any CPU.ActiveCfg = Debug|Any CPU
		{6FC6EF2E-B16C-42E5-8F3D-8C07F73ADDF5}.Debug|Any CPU.Build.0 = Debug|Any CPU
		{6FC6EF2E-B16C-42E5-8F3D-8C07F73ADDF5}.Release|Any CPU.ActiveCfg = Release|Any CPU
		{6FC6EF2E-B16C-42E5-8F3D-8C07F73ADDF5}.Release|Any CPU.Build.0 = Release|Any CPU
		{B848C4A7-1574-4112-8B39-14C718D67432}.Debug|Any CPU.ActiveCfg = Debug|Any CPU
		{B848C4A7-1574-4112-8B39-14C718D67432}.Debug|Any CPU.Build.0 = Debug|Any CPU
		{B848C4A7-1574-4112-8B39-14C718D67432}.Release|Any CPU.ActiveCfg = Release|Any CPU
		{B848C4A7-1574-4112-8B39-14C718D67432}.Release|Any CPU.Build.0 = Release|Any CPU
		{EC2F2D6E-407A-4B93-B7D1-5D99CA8AB82F}.Debug|Any CPU.ActiveCfg = Debug|Any CPU
		{EC2F2D6E-407A-4B93-B7D1-5D99CA8AB82F}.Debug|Any CPU.Build.0 = Debug|Any CPU
		{EC2F2D6E-407A-4B93-B7D1-5D99CA8AB82F}.Release|Any CPU.ActiveCfg = Release|Any CPU
		{EC2F2D6E-407A-4B93-B7D1-5D99CA8AB82F}.Release|Any CPU.Build.0 = Release|Any CPU
		{0BAD0B63-3E0B-411F-993F-1C88EF9637B3}.Debug|Any CPU.ActiveCfg = Debug|Any CPU
		{0BAD0B63-3E0B-411F-993F-1C88EF9637B3}.Debug|Any CPU.Build.0 = Debug|Any CPU
		{0BAD0B63-3E0B-411F-993F-1C88EF9637B3}.Release|Any CPU.ActiveCfg = Release|Any CPU
		{0BAD0B63-3E0B-411F-993F-1C88EF9637B3}.Release|Any CPU.Build.0 = Release|Any CPU
	EndGlobalSection
	GlobalSection(SolutionProperties) = preSolution
		HideSolutionNode = FALSE
	EndGlobalSection
	GlobalSection(NestedProjects) = preSolution
		{81014696-B45B-4AE6-8E01-23AD4CCAD243} = {563D9BDF-2584-40B0-9283-0C9ED7772F52}
		{DEC43909-5D56-4760-ACC9-223E31DAD735} = {563D9BDF-2584-40B0-9283-0C9ED7772F52}
		{BB8BC559-DCC6-4856-B059-DBC0992424CA} = {563D9BDF-2584-40B0-9283-0C9ED7772F52}
		{D74AF76D-673D-4D54-A483-F685BE356849} = {563D9BDF-2584-40B0-9283-0C9ED7772F52}
		{B7E8D8AC-48B7-4542-8D81-44D77E1EE047} = {563D9BDF-2584-40B0-9283-0C9ED7772F52}
		{10DD2467-0BD3-43A6-9649-7EEBBD6D0D84} = {708C88CF-2BF7-4C20-A429-E6412A1BD939}
		{3FC51164-FC69-4805-9F70-06AC034B2DED} = {708C88CF-2BF7-4C20-A429-E6412A1BD939}
		{3555F18A-B869-4EB2-9300-12E810A7255C} = {708C88CF-2BF7-4C20-A429-E6412A1BD939}
		{4F072818-2FAE-4D28-80A0-DD0D38C8BEAB} = {708C88CF-2BF7-4C20-A429-E6412A1BD939}
		{6FC6EF2E-B16C-42E5-8F3D-8C07F73ADDF5} = {708C88CF-2BF7-4C20-A429-E6412A1BD939}
		{B848C4A7-1574-4112-8B39-14C718D67432} = {1576E8B0-EB58-4CB2-B863-42A7DD12AFB5}
		{EC2F2D6E-407A-4B93-B7D1-5D99CA8AB82F} = {9D3EC27E-577F-47CF-8251-3A29DF387677}
		{0BAD0B63-3E0B-411F-993F-1C88EF9637B3} = {708C88CF-2BF7-4C20-A429-E6412A1BD939}
	EndGlobalSection
	GlobalSection(ExtensibilityGlobals) = postSolution
		SolutionGuid = {24BD2E9B-432D-4C25-8F50-BE37AE280835}
	EndGlobalSection
EndGlobal
